
Microsoft Visual Studio Solution File, Format Version 12.00
# Visual Studio Version 17
VisualStudioVersion = 17.5.002.0
MinimumVisualStudioVersion = 10.0.40219.1
Project("{9A19103F-16F7-4668-BE54-9A1E7A4F7556}") = "apiPim", "apiPim.csproj", "{357726FA-FFFA-4A87-BEDD-CA8435456AE5}"
EndProject
Project("{9A19103F-16F7-4668-BE54-9A1E7A4F7556}") = "Tests", "Tests\Tests.csproj", "{50EFD3AD-96AE-4DC8-863A-EAF2C3D360B8}"
EndProject
Global
	GlobalSection(SolutionConfigurationPlatforms) = preSolution
		Debug|Any CPU = Debug|Any CPU
		Release|Any CPU = Release|Any CPU
	EndGlobalSection
	GlobalSection(ProjectConfigurationPlatforms) = postSolution
		{357726FA-FFFA-4A87-BEDD-CA8435456AE5}.Debug|Any CPU.ActiveCfg = Debug|Any CPU
		{357726FA-FFFA-4A87-BEDD-CA8435456AE5}.Debug|Any CPU.Build.0 = Debug|Any CPU
		{357726FA-FFFA-4A87-BEDD-CA8435456AE5}.Release|Any CPU.ActiveCfg = Release|Any CPU
		{357726FA-FFFA-4A87-BEDD-CA8435456AE5}.Release|Any CPU.Build.0 = Release|Any CPU
		{50EFD3AD-96AE-4DC8-863A-EAF2C3D360B8}.Debug|Any CPU.ActiveCfg = Debug|Any CPU
		{50EFD3AD-96AE-4DC8-863A-EAF2C3D360B8}.Debug|Any CPU.Build.0 = Debug|Any CPU
		{50EFD3AD-96AE-4DC8-863A-EAF2C3D360B8}.Release|Any CPU.ActiveCfg = Release|Any CPU
		{50EFD3AD-96AE-4DC8-863A-EAF2C3D360B8}.Release|Any CPU.Build.0 = Release|Any CPU
	EndGlobalSection
	GlobalSection(SolutionProperties) = preSolution
		HideSolutionNode = FALSE
	EndGlobalSection
	GlobalSection(ExtensibilityGlobals) = postSolution
		SolutionGuid = {4593BE56-B417-4861-880C-4B81F4C0418D}
	EndGlobalSection
EndGlobal
